{
  "lockfileVersion": 1,
  "workspaces": {
    "": {
      "name": "po_playwright",
      "devDependencies": {
        "@biomejs/biome": "latest",
        "@playwright/test": "latest",
        "@types/node": "latest",
        "husky": "latest",
        "knip": "latest",
        "lint-staged": "latest",
        "typescript": "latest",
      },
    },
  },
  "packages": {
    "@biomejs/biome": ["@biomejs/biome@2.3.7", "", { "optionalDependencies": { "@biomejs/cli-darwin-arm64": "2.3.7", "@biomejs/cli-darwin-x64": "2.3.7", "@biomejs/cli-linux-arm64": "2.3.7", "@biomejs/cli-linux-arm64-musl": "2.3.7", "@biomejs/cli-linux-x64": "2.3.7", "@biomejs/cli-linux-x64-musl": "2.3.7", "@biomejs/cli-win32-arm64": "2.3.7", "@biomejs/cli-win32-x64": "2.3.7" }, "bin": { "biome": "bin/biome" } }, "sha512-CTbAS/jNAiUc6rcq94BrTB8z83O9+BsgWj2sBCQg9rD6Wkh2gjfR87usjx0Ncx0zGXP1NKgT7JNglay5Zfs9jw=="],

    "@biomejs/cli-darwin-arm64": ["@biomejs/cli-darwin-arm64@2.3.7", "", { "os": "darwin", "cpu": "arm64" }, "sha512-LirkamEwzIUULhXcf2D5b+NatXKeqhOwilM+5eRkbrnr6daKz9rsBL0kNZ16Hcy4b8RFq22SG4tcLwM+yx/wFA=="],

    "@biomejs/cli-darwin-x64": ["@biomejs/cli-darwin-x64@2.3.7", "", { "os": "darwin", "cpu": "x64" }, "sha512-Q4TO633kvrMQkKIV7wmf8HXwF0dhdTD9S458LGE24TYgBjSRbuhvio4D5eOQzirEYg6eqxfs53ga/rbdd8nBKg=="],

    "@biomejs/cli-linux-arm64": ["@biomejs/cli-linux-arm64@2.3.7", "", { "os": "linux", "cpu": "arm64" }, "sha512-inHOTdlstUBzgjDcx0ge71U4SVTbwAljmkfi3MC5WzsYCRhancqfeL+sa4Ke6v2ND53WIwCFD5hGsYExoI3EZQ=="],

    "@biomejs/cli-linux-arm64-musl": ["@biomejs/cli-linux-arm64-musl@2.3.7", "", { "os": "linux", "cpu": "arm64" }, "sha512-/afy8lto4CB8scWfMdt+NoCZtatBUF62Tk3ilWH2w8ENd5spLhM77zKlFZEvsKJv9AFNHknMl03zO67CiklL2Q=="],

    "@biomejs/cli-linux-x64": ["@biomejs/cli-linux-x64@2.3.7", "", { "os": "linux", "cpu": "x64" }, "sha512-fJMc3ZEuo/NaMYo5rvoWjdSS5/uVSW+HPRQujucpZqm2ZCq71b8MKJ9U4th9yrv2L5+5NjPF0nqqILCl8HY/fg=="],

    "@biomejs/cli-linux-x64-musl": ["@biomejs/cli-linux-x64-musl@2.3.7", "", { "os": "linux", "cpu": "x64" }, "sha512-CQUtgH1tIN6e5wiYSJqzSwJumHYolNtaj1dwZGCnZXm2PZU1jOJof9TsyiP3bXNDb+VOR7oo7ZvY01If0W3iFQ=="],

    "@biomejs/cli-win32-arm64": ["@biomejs/cli-win32-arm64@2.3.7", "", { "os": "win32", "cpu": "arm64" }, "sha512-aJAE8eCNyRpcfx2JJAtsPtISnELJ0H4xVVSwnxm13bzI8RwbXMyVtxy2r5DV1xT3WiSP+7LxORcApWw0LM8HiA=="],

    "@biomejs/cli-win32-x64": ["@biomejs/cli-win32-x64@2.3.7", "", { "os": "win32", "cpu": "x64" }, "sha512-pulzUshqv9Ed//MiE8MOUeeEkbkSHVDVY5Cz5wVAnH1DUqliCQG3j6s1POaITTFqFfo7AVIx2sWdKpx/GS+Nqw=="],

    "@emnapi/core": ["@emnapi/core@1.5.0", "", { "dependencies": { "@emnapi/wasi-threads": "1.1.0", "tslib": "^2.4.0" } }, "sha512-sbP8GzB1WDzacS8fgNPpHlp6C9VZe+SJP3F90W9rLemaQj2PzIuTEl1qDOYQf58YIpyjViI24y9aPWCjEzY2cg=="],

    "@emnapi/runtime": ["@emnapi/runtime@1.5.0", "", { "dependencies": { "tslib": "^2.4.0" } }, "sha512-97/BJ3iXHww3djw6hYIfErCZFee7qCtrneuLa20UXFCOTCfBM2cvQHjWJ2EG0s0MtdNwInarqCTz35i4wWXHsQ=="],

    "@emnapi/wasi-threads": ["@emnapi/wasi-threads@1.1.0", "", { "dependencies": { "tslib": "^2.4.0" } }, "sha512-WI0DdZ8xFSbgMjR1sFsKABJ/C5OnRrjT06JXbZKexJGrDuPTzZdDYfFlsgcCXCyf+suG5QU2e/y1Wo2V/OapLQ=="],

    "@napi-rs/wasm-runtime": ["@napi-rs/wasm-runtime@1.0.7", "", { "dependencies": { "@emnapi/core": "^1.5.0", "@emnapi/runtime": "^1.5.0", "@tybys/wasm-util": "^0.10.1" } }, "sha512-SeDnOO0Tk7Okiq6DbXmmBODgOAb9dp9gjlphokTUxmt8U3liIP1ZsozBahH69j/RJv+Rfs6IwUKHTgQYJ/HBAw=="],

    "@nodelib/fs.scandir": ["@nodelib/fs.scandir@2.1.5", "", { "dependencies": { "@nodelib/fs.stat": "2.0.5", "run-parallel": "^1.1.9" } }, "sha512-vq24Bq3ym5HEQm2NKCr3yXDwjc7vTsEThRDnkp2DK9p1uqLR+DHurm/NOTo0KG7HYHU7eppKZj3MyqYuMBf62g=="],

    "@nodelib/fs.stat": ["@nodelib/fs.stat@2.0.5", "", {}, "sha512-RkhPPp2zrqDAQA/2jNhnztcPAlv64XdhIp7a7454A5ovI7Bukxgt7MX7udwAu3zg1DcpPU0rz3VV1SeaqvY4+A=="],

    "@nodelib/fs.walk": ["@nodelib/fs.walk@1.2.8", "", { "dependencies": { "@nodelib/fs.scandir": "2.1.5", "fastq": "^1.6.0" } }, "sha512-oGB+UxlgWcgQkgwo8GcEGwemoTFt3FIO9ababBmaGwXIoBKZ+GTy0pP185beGg7Llih/NSHSV2XAs1lnznocSg=="],

    "@oxc-resolver/binding-android-arm-eabi": ["@oxc-resolver/binding-android-arm-eabi@11.13.2", "", { "os": "android", "cpu": "arm" }, "sha512-vWd1NEaclg/t2DtEmYzRRBNQOueMI8tixw/fSNZ9XETXLRJiAjQMYpYeflQdRASloGze6ZelHE/wIBNt4S+pkw=="],

    "@oxc-resolver/binding-android-arm64": ["@oxc-resolver/binding-android-arm64@11.13.2", "", { "os": "android", "cpu": "arm64" }, "sha512-jxZrYcxgpI6IuQpguQVAQNrZfUyiYfMVqR4pKVU3PRLCM7AsfXNKp0TIgcvp+l6dYVdoZ1MMMMa5Ayjd09rNOw=="],

    "@oxc-resolver/binding-darwin-arm64": ["@oxc-resolver/binding-darwin-arm64@11.13.2", "", { "os": "darwin", "cpu": "arm64" }, "sha512-RDS3HUe1FvgjNS1xfBUqiEJ8938Zb5r7iKABwxEblp3K4ufZZNAtoaHjdUH2TJ0THDmuf0OxxVUO/Y+4Ep4QfQ=="],

    "@oxc-resolver/binding-darwin-x64": ["@oxc-resolver/binding-darwin-x64@11.13.2", "", { "os": "darwin", "cpu": "x64" }, "sha512-tDcyWtkUzkt6auJLP2dOjL84BxqHkKW4mz2lNRIGPTq7b+HBraB+m8RdRH6BgqTvbnNECOxR3XAMaKBKC8J51g=="],

    "@oxc-resolver/binding-freebsd-x64": ["@oxc-resolver/binding-freebsd-x64@11.13.2", "", { "os": "freebsd", "cpu": "x64" }, "sha512-fpaeN8Q0kWvKns9uSMg6CcKo7cdgmWt6J91stPf8sdM+EKXzZ0YcRnWWyWF8SM16QcLUPCy5Iwt5Z8aYBGaZYA=="],

    "@oxc-resolver/binding-linux-arm-gnueabihf": ["@oxc-resolver/binding-linux-arm-gnueabihf@11.13.2", "", { "os": "linux", "cpu": "arm" }, "sha512-idBgJU5AvSsGOeaIWiFBKbNBjpuduHsJmrG4CBbEUNW/Ykx+ISzcuj1PHayiYX6R9stVsRhj3d2PyymfC5KWRg=="],

    "@oxc-resolver/binding-linux-arm-musleabihf": ["@oxc-resolver/binding-linux-arm-musleabihf@11.13.2", "", { "os": "linux", "cpu": "arm" }, "sha512-BlBvQUhvvIM/7s96KlKhMk0duR2sj8T7Hyii46/5QnwfN/pHwobvOL5czZ6/SKrHNB/F/qDY4hGsBuB1y7xgTg=="],

    "@oxc-resolver/binding-linux-arm64-gnu": ["@oxc-resolver/binding-linux-arm64-gnu@11.13.2", "", { "os": "linux", "cpu": "arm64" }, "sha512-lUmDTmYOGpbIK+FBfZ0ySaQTo7g1Ia/WnDnQR2wi/0AtehZIg/ZZIgiT/fD0iRvKEKma612/0PVo8dXdAKaAGA=="],

    "@oxc-resolver/binding-linux-arm64-musl": ["@oxc-resolver/binding-linux-arm64-musl@11.13.2", "", { "os": "linux", "cpu": "arm64" }, "sha512-dkGzOxo+I9lA4Er6qzFgkFevl3JvwyI9i0T/PkOJHva04rb1p9dz8GPogTO9uMK4lrwLWzm/piAu+tHYC7v7+w=="],

    "@oxc-resolver/binding-linux-ppc64-gnu": ["@oxc-resolver/binding-linux-ppc64-gnu@11.13.2", "", { "os": "linux", "cpu": "ppc64" }, "sha512-53kWsjLkVFnoSA7COdps38pBssN48zI8LfsOvupsmQ0/4VeMYb+0Ao9O6r52PtmFZsGB3S1Qjqbjl/Pswj1a3g=="],

    "@oxc-resolver/binding-linux-riscv64-gnu": ["@oxc-resolver/binding-linux-riscv64-gnu@11.13.2", "", { "os": "linux", "cpu": "none" }, "sha512-MfxN6DMpvmdCbGlheJ+ihy11oTcipqDfcEIQV9ah3FGXBRCZtBOHJpQDk8qI2Y+nCXVr3Nln7OSsOzoC4+rSYQ=="],

    "@oxc-resolver/binding-linux-riscv64-musl": ["@oxc-resolver/binding-linux-riscv64-musl@11.13.2", "", { "os": "linux", "cpu": "none" }, "sha512-WXrm4YiRU0ijqb72WHSjmfYaQZ7t6/kkQrFc4JtU+pUE4DZA/DEdxOuQEd4Q43VqmLvICTJWSaZMlCGQ4PSRUg=="],

    "@oxc-resolver/binding-linux-s390x-gnu": ["@oxc-resolver/binding-linux-s390x-gnu@11.13.2", "", { "os": "linux", "cpu": "s390x" }, "sha512-4pISWIlOFRUhWyvGCB3XUhtcwyvwGGhlXhHz7IXCXuGufaQtvR05trvw8U1ZnaPhsdPBkRhOMIedX11ayi5uXw=="],

    "@oxc-resolver/binding-linux-x64-gnu": ["@oxc-resolver/binding-linux-x64-gnu@11.13.2", "", { "os": "linux", "cpu": "x64" }, "sha512-DVo6jS8n73yNAmCsUOOk2vBeC60j2RauDXQM8p7RDl0afsEaA2le22vD8tky7iNoM5tsxfBmE4sOJXEKgpwWRw=="],

    "@oxc-resolver/binding-linux-x64-musl": ["@oxc-resolver/binding-linux-x64-musl@11.13.2", "", { "os": "linux", "cpu": "x64" }, "sha512-6WqrE+hQBFP35KdwQjWcZpldbTq6yJmuTVThISu+rY3+j6MaDp2ciLHTr1X68r2H/7ocOIl4k3NnOVIzeRJE3w=="],

    "@oxc-resolver/binding-wasm32-wasi": ["@oxc-resolver/binding-wasm32-wasi@11.13.2", "", { "dependencies": { "@napi-rs/wasm-runtime": "^1.0.7" }, "cpu": "none" }, "sha512-YpxvQmP2D+mNUkLQZbBjGz20g/pY8XoOBdPPoWMl9X68liFFjXxkPQTrZxWw4zzG/UkTM5z6dPRTyTePRsMcjw=="],

    "@oxc-resolver/binding-win32-arm64-msvc": ["@oxc-resolver/binding-win32-arm64-msvc@11.13.2", "", { "os": "win32", "cpu": "arm64" }, "sha512-1SKBw6KcCmvPBdEw1/Qdpv6eSDf23lCXTWz9VxTe6QUQ/1wR+HZR2uS4q6C8W6jnIswMTQbxpTvVwdRXl+ufeA=="],

    "@oxc-resolver/binding-win32-ia32-msvc": ["@oxc-resolver/binding-win32-ia32-msvc@11.13.2", "", { "os": "win32", "cpu": "ia32" }, "sha512-KEVV7wggDucxRn3vvyHnmTCPXoCT7vWpH18UVLTygibHJvNRP2zl5lBaQcCIdIaYYZjKt1aGI/yZqxZvHoiCdg=="],

    "@oxc-resolver/binding-win32-x64-msvc": ["@oxc-resolver/binding-win32-x64-msvc@11.13.2", "", { "os": "win32", "cpu": "x64" }, "sha512-6AAdN9v/wO5c3td1yidgNLKYlzuNgfOtEqBq60WE469bJWR7gHgG/S5aLR2pH6/gyPLs9UXtItxi934D+0Estg=="],

    "@playwright/test": ["@playwright/test@1.56.1", "", { "dependencies": { "playwright": "1.56.1" }, "bin": { "playwright": "cli.js" } }, "sha512-vSMYtL/zOcFpvJCW71Q/OEGQb7KYBPAdKh35WNSkaZA75JlAO8ED8UN6GUNTm3drWomcbcqRPFqQbLae8yBTdg=="],

    "@tybys/wasm-util": ["@tybys/wasm-util@0.10.1", "", { "dependencies": { "tslib": "^2.4.0" } }, "sha512-9tTaPJLSiejZKx+Bmog4uSubteqTvFrVrURwkmHixBo0G4seD0zUxp98E1DzUBJxLQ3NPwXrGKDiVjwx/DpPsg=="],

    "@types/node": ["@types/node@24.10.1", "", { "dependencies": { "undici-types": "~7.16.0" } }, "sha512-GNWcUTRBgIRJD5zj+Tq0fKOJ5XZajIiBroOF0yvj2bSU1WvNdYS/dn9UxwsujGW4JX06dnHyjV2y9rRaybH0iQ=="],

    "ansi-escapes": ["ansi-escapes@7.1.1", "", { "dependencies": { "environment": "^1.0.0" } }, "sha512-Zhl0ErHcSRUaVfGUeUdDuLgpkEo8KIFjB4Y9uAc46ScOpdDiU1Dbyplh7qWJeJ/ZHpbyMSM26+X3BySgnIz40Q=="],

    "ansi-regex": ["ansi-regex@6.2.2", "", {}, "sha512-Bq3SmSpyFHaWjPk8If9yc6svM8c56dB5BAtW4Qbw5jHTwwXXcTLoRMkpDJp6VL0XzlWaCHTXrkFURMYmD0sLqg=="],

    "ansi-styles": ["ansi-styles@6.2.3", "", {}, "sha512-4Dj6M28JB+oAH8kFkTLUo+a2jwOFkuqb3yucU0CANcRRUbxS0cP0nZYCGjcc3BNXwRIsUVmDGgzawme7zvJHvg=="],

    "argparse": ["argparse@2.0.1", "", {}, "sha512-8+9WqebbFzpX9OR+Wa6O29asIogeRMzcGtAINdpMHHyAg10f05aSFVBbcEqGf/PXw1EjAZ+q2/bEBg3DvurK3Q=="],

    "braces": ["braces@3.0.3", "", { "dependencies": { "fill-range": "^7.1.1" } }, "sha512-yQbXgO/OSZVD2IsiLlro+7Hf6Q18EJrKSEsdoMzKePKXct3gvD8oLcOQdIzGupr5Fj+EDe8gO/lxc1BzfMpxvA=="],

    "cli-cursor": ["cli-cursor@5.0.0", "", { "dependencies": { "restore-cursor": "^5.0.0" } }, "sha512-aCj4O5wKyszjMmDT4tZj93kxyydN/K5zPWSCe6/0AV/AA1pqe5ZBIw0a2ZfPQV7lL5/yb5HsUreJ6UFAF1tEQw=="],

    "cli-truncate": ["cli-truncate@5.1.0", "", { "dependencies": { "slice-ansi": "^7.1.0", "string-width": "^8.0.0" } }, "sha512-7JDGG+4Zp0CsknDCedl0DYdaeOhc46QNpXi3NLQblkZpXXgA6LncLDUUyvrjSvZeF3VRQa+KiMGomazQrC1V8g=="],

    "colorette": ["colorette@2.0.20", "", {}, "sha512-IfEDxwoWIjkeXL1eXcDiow4UbKjhLdq6/EuSVR9GMN7KVH3r9gQ83e73hsz1Nd1T3ijd5xv1wcWRYO+D6kCI2w=="],

    "commander": ["commander@14.0.2", "", {}, "sha512-TywoWNNRbhoD0BXs1P3ZEScW8W5iKrnbithIl0YH+uCmBd0QpPOA8yc82DS3BIE5Ma6FnBVUsJ7wVUDz4dvOWQ=="],

    "emoji-regex": ["emoji-regex@10.6.0", "", {}, "sha512-toUI84YS5YmxW219erniWD0CIVOo46xGKColeNQRgOzDorgBi1v4D71/OFzgD9GO2UGKIv1C3Sp8DAn0+j5w7A=="],

    "environment": ["environment@1.1.0", "", {}, "sha512-xUtoPkMggbz0MPyPiIWr1Kp4aeWJjDZ6SMvURhimjdZgsRuDplF5/s9hcgGhyXMhs+6vpnuoiZ2kFiu3FMnS8Q=="],

    "eventemitter3": ["eventemitter3@5.0.1", "", {}, "sha512-GWkBvjiSZK87ELrYOSESUYeVIc9mvLLf/nXalMOS5dYrgZq9o5OVkbZAVM06CVxYsCwH9BDZFPlQTlPA1j4ahA=="],

    "fast-glob": ["fast-glob@3.3.3", "", { "dependencies": { "@nodelib/fs.stat": "^2.0.2", "@nodelib/fs.walk": "^1.2.3", "glob-parent": "^5.1.2", "merge2": "^1.3.0", "micromatch": "^4.0.8" } }, "sha512-7MptL8U0cqcFdzIzwOTHoilX9x5BrNqye7Z/LuC7kCMRio1EMSyqRK3BEAUD7sXRq4iT4AzTVuZdhgQ2TCvYLg=="],

    "fastq": ["fastq@1.19.1", "", { "dependencies": { "reusify": "^1.0.4" } }, "sha512-GwLTyxkCXjXbxqIhTsMI2Nui8huMPtnxg7krajPJAjnEG/iiOS7i+zCtWGZR9G0NBKbXKh6X9m9UIsYX/N6vvQ=="],

    "fd-package-json": ["fd-package-json@2.0.0", "", { "dependencies": { "walk-up-path": "^4.0.0" } }, "sha512-jKmm9YtsNXN789RS/0mSzOC1NUq9mkVd65vbSSVsKdjGvYXBuE4oWe2QOEoFeRmJg+lPuZxpmrfFclNhoRMneQ=="],

    "fill-range": ["fill-range@7.1.1", "", { "dependencies": { "to-regex-range": "^5.0.1" } }, "sha512-YsGpe3WHLK8ZYi4tWDg2Jy3ebRz2rXowDxnld4bkQB00cc/1Zw9AWnC0i9ztDJitivtQvaI9KaLyKrc+hBW0yg=="],

    "formatly": ["formatly@0.3.0", "", { "dependencies": { "fd-package-json": "^2.0.0" }, "bin": { "formatly": "bin/index.mjs" } }, "sha512-9XNj/o4wrRFyhSMJOvsuyMwy8aUfBaZ1VrqHVfohyXf0Sw0e+yfKG+xZaY3arGCOMdwFsqObtzVOc1gU9KiT9w=="],

    "fsevents": ["fsevents@2.3.2", "", { "os": "darwin" }, "sha512-xiqMQR4xAeHTuB9uWm+fFRcIOgKBMiOBP+eXiyT7jsgVCq1bkVygt00oASowB7EdtpOHaaPgKt812P9ab+DDKA=="],

    "get-east-asian-width": ["get-east-asian-width@1.4.0", "", {}, "sha512-QZjmEOC+IT1uk6Rx0sX22V6uHWVwbdbxf1faPqJ1QhLdGgsRGCZoyaQBm/piRdJy/D2um6hM1UP7ZEeQ4EkP+Q=="],

    "glob-parent": ["glob-parent@5.1.2", "", { "dependencies": { "is-glob": "^4.0.1" } }, "sha512-AOIgSQCepiJYwP3ARnGx+5VnTu2HBYdzbGP45eLw1vr3zB3vZLeyed1sC9hnbcOc9/SrMyM5RPQrkGz4aS9Zow=="],

    "husky": ["husky@9.1.7", "", { "bin": { "husky": "bin.js" } }, "sha512-5gs5ytaNjBrh5Ow3zrvdUUY+0VxIuWVL4i9irt6friV+BqdCfmV11CQTWMiBYWHbXhco+J1kHfTOUkePhCDvMA=="],

    "is-extglob": ["is-extglob@2.1.1", "", {}, "sha512-SbKbANkN603Vi4jEZv49LeVJMn4yGwsbzZworEoyEiutsN3nJYdbO36zfhGJ6QEDpOZIFkDtnq5JRxmvl3jsoQ=="],

    "is-fullwidth-code-point": ["is-fullwidth-code-point@5.1.0", "", { "dependencies": { "get-east-asian-width": "^1.3.1" } }, "sha512-5XHYaSyiqADb4RnZ1Bdad6cPp8Toise4TzEjcOYDHZkTCbKgiUl7WTUCpNWHuxmDt91wnsZBc9xinNzopv3JMQ=="],

    "is-glob": ["is-glob@4.0.3", "", { "dependencies": { "is-extglob": "^2.1.1" } }, "sha512-xelSayHH36ZgE7ZWhli7pW34hNbNl8Ojv5KVmkJD4hBdD3th8Tfk9vYasLM+mXWOZhFkgZfxhLSnrwRr4elSSg=="],

    "is-number": ["is-number@7.0.0", "", {}, "sha512-41Cifkg6e8TylSpdtTpeLVMqvSBEVzTttHvERD741+pnZ8ANv0004MRL43QKPDlK9cGvNp6NZWZUBlbGXYxxng=="],

    "jiti": ["jiti@2.6.0", "", { "bin": { "jiti": "lib/jiti-cli.mjs" } }, "sha512-VXe6RjJkBPj0ohtqaO8vSWP3ZhAKo66fKrFNCll4BTcwljPLz03pCbaNKfzGP5MbrCYcbJ7v0nOYYwUzTEIdXQ=="],

    "js-yaml": ["js-yaml@4.1.1", "", { "dependencies": { "argparse": "^2.0.1" }, "bin": { "js-yaml": "bin/js-yaml.js" } }, "sha512-qQKT4zQxXl8lLwBtHMWwaTcGfFOZviOJet3Oy/xmGk2gZH677CJM9EvtfdSkgWcATZhj/55JZ0rmy3myCT5lsA=="],

    "knip": ["knip@5.70.2", "", { "dependencies": { "@nodelib/fs.walk": "^1.2.3", "fast-glob": "^3.3.3", "formatly": "^0.3.0", "jiti": "^2.6.0", "js-yaml": "^4.1.1", "minimist": "^1.2.8", "oxc-resolver": "^11.13.2", "picocolors": "^1.1.1", "picomatch": "^4.0.1", "smol-toml": "^1.5.2", "strip-json-comments": "5.0.3", "zod": "^4.1.11" }, "peerDependencies": { "@types/node": ">=18", "typescript": ">=5.0.4 <7" }, "bin": { "knip": "bin/knip.js", "knip-bun": "bin/knip-bun.js" } }, "sha512-LI7DbeVnk7h9+FAet5KzzHNdDwJyqDa2+cn4uQfZYTfpuVjEqtGmYD9r5b9JEuOs4eVkf/7sskNhWXxELm3C/Q=="],

    "lint-staged": ["lint-staged@16.2.7", "", { "dependencies": { "commander": "^14.0.2", "listr2": "^9.0.5", "micromatch": "^4.0.8", "nano-spawn": "^2.0.0", "pidtree": "^0.6.0", "string-argv": "^0.3.2", "yaml": "^2.8.1" }, "bin": { "lint-staged": "bin/lint-staged.js" } }, "sha512-lDIj4RnYmK7/kXMya+qJsmkRFkGolciXjrsZ6PC25GdTfWOAWetR0ZbsNXRAj1EHHImRSalc+whZFg56F5DVow=="],

    "listr2": ["listr2@9.0.5", "", { "dependencies": { "cli-truncate": "^5.0.0", "colorette": "^2.0.20", "eventemitter3": "^5.0.1", "log-update": "^6.1.0", "rfdc": "^1.4.1", "wrap-ansi": "^9.0.0" } }, "sha512-ME4Fb83LgEgwNw96RKNvKV4VTLuXfoKudAmm2lP8Kk87KaMK0/Xrx/aAkMWmT8mDb+3MlFDspfbCs7adjRxA2g=="],

    "log-update": ["log-update@6.1.0", "", { "dependencies": { "ansi-escapes": "^7.0.0", "cli-cursor": "^5.0.0", "slice-ansi": "^7.1.0", "strip-ansi": "^7.1.0", "wrap-ansi": "^9.0.0" } }, "sha512-9ie8ItPR6tjY5uYJh8K/Zrv/RMZ5VOlOWvtZdEHYSTFKZfIBPQa9tOAEeAWhd+AnIneLJ22w5fjOYtoutpWq5w=="],

    "merge2": ["merge2@1.4.1", "", {}, "sha512-8q7VEgMJW4J8tcfVPy8g09NcQwZdbwFEqhe/WZkoIzjn/3TGDwtOCYtXGxA3O8tPzpczCCDgv+P2P5y00ZJOOg=="],

    "micromatch": ["micromatch@4.0.8", "", { "dependencies": { "braces": "^3.0.3", "picomatch": "^2.3.1" } }, "sha512-PXwfBhYu0hBCPw8Dn0E+WDYb7af3dSLVWKi3HGv84IdF4TyFoC0ysxFd0Goxw7nSv4T/PzEJQxsYsEiFCKo2BA=="],

    "mimic-function": ["mimic-function@5.0.1", "", {}, "sha512-VP79XUPxV2CigYP3jWwAUFSku2aKqBH7uTAapFWCBqutsbmDo96KY5o8uh6U+/YSIn5OxJnXp73beVkpqMIGhA=="],

    "minimist": ["minimist@1.2.8", "", {}, "sha512-2yyAR8qBkN3YuheJanUpWC5U3bb5osDywNB8RzDVlDwDHbocAJveqqj1u8+SVD7jkWT4yvsHCpWqqWqAxb0zCA=="],

    "nano-spawn": ["nano-spawn@2.0.0", "", {}, "sha512-tacvGzUY5o2D8CBh2rrwxyNojUsZNU2zjNTzKQrkgGJQTbGAfArVWXSKMBokBeeg6C7OLRGUEyoFlYbfeWQIqw=="],

    "onetime": ["onetime@7.0.0", "", { "dependencies": { "mimic-function": "^5.0.0" } }, "sha512-VXJjc87FScF88uafS3JllDgvAm+c/Slfz06lorj2uAY34rlUu0Nt+v8wreiImcrgAjjIHp1rXpTDlLOGw29WwQ=="],

    "oxc-resolver": ["oxc-resolver@11.13.2", "", { "optionalDependencies": { "@oxc-resolver/binding-android-arm-eabi": "11.13.2", "@oxc-resolver/binding-android-arm64": "11.13.2", "@oxc-resolver/binding-darwin-arm64": "11.13.2", "@oxc-resolver/binding-darwin-x64": "11.13.2", "@oxc-resolver/binding-freebsd-x64": "11.13.2", "@oxc-resolver/binding-linux-arm-gnueabihf": "11.13.2", "@oxc-resolver/binding-linux-arm-musleabihf": "11.13.2", "@oxc-resolver/binding-linux-arm64-gnu": "11.13.2", "@oxc-resolver/binding-linux-arm64-musl": "11.13.2", "@oxc-resolver/binding-linux-ppc64-gnu": "11.13.2", "@oxc-resolver/binding-linux-riscv64-gnu": "11.13.2", "@oxc-resolver/binding-linux-riscv64-musl": "11.13.2", "@oxc-resolver/binding-linux-s390x-gnu": "11.13.2", "@oxc-resolver/binding-linux-x64-gnu": "11.13.2", "@oxc-resolver/binding-linux-x64-musl": "11.13.2", "@oxc-resolver/binding-wasm32-wasi": "11.13.2", "@oxc-resolver/binding-win32-arm64-msvc": "11.13.2", "@oxc-resolver/binding-win32-ia32-msvc": "11.13.2", "@oxc-resolver/binding-win32-x64-msvc": "11.13.2" } }, "sha512-1SXVyYQ9bqMX3uZo8Px81EG7jhZkO9PvvR5X9roY5TLYVm4ZA7pbPDNlYaDBBeF9U+YO3OeMNoHde52hrcCu8w=="],

    "picocolors": ["picocolors@1.1.1", "", {}, "sha512-xceH2snhtb5M9liqDsmEw56le376mTZkEX/jEb/RxNFyegNul7eNslCXP9FDj/Lcu0X8KEyMceP2ntpaHrDEVA=="],

    "picomatch": ["picomatch@4.0.2", "", {}, "sha512-M7BAV6Rlcy5u+m6oPhAPFgJTzAioX/6B0DxyvDlo9l8+T3nLKbrczg2WLUyzd45L8RqfUMyGPzekbMvX2Ldkwg=="],

    "pidtree": ["pidtree@0.6.0", "", { "bin": { "pidtree": "bin/pidtree.js" } }, "sha512-eG2dWTVw5bzqGRztnHExczNxt5VGsE6OwTeCG3fdUf9KBsZzO3R5OIIIzWR+iZA0NtZ+RDVdaoE2dK1cn6jH4g=="],

    "playwright": ["playwright@1.56.1", "", { "dependencies": { "playwright-core": "1.56.1" }, "optionalDependencies": { "fsevents": "2.3.2" }, "bin": { "playwright": "cli.js" } }, "sha512-aFi5B0WovBHTEvpM3DzXTUaeN6eN0qWnTkKx4NQaH4Wvcmc153PdaY2UBdSYKaGYw+UyWXSVyxDUg5DoPEttjw=="],

    "playwright-core": ["playwright-core@1.56.1", "", { "bin": { "playwright-core": "cli.js" } }, "sha512-hutraynyn31F+Bifme+Ps9Vq59hKuUCz7H1kDOcBs+2oGguKkWTU50bBWrtz34OUWmIwpBTWDxaRPXrIXkgvmQ=="],

    "queue-microtask": ["queue-microtask@1.2.3", "", {}, "sha512-NuaNSa6flKT5JaSYQzJok04JzTL1CA6aGhv5rfLW3PgqA+M2ChpZQnAC8h8i4ZFkBS8X5RqkDBHA7r4hej3K9A=="],

    "restore-cursor": ["restore-cursor@5.1.0", "", { "dependencies": { "onetime": "^7.0.0", "signal-exit": "^4.1.0" } }, "sha512-oMA2dcrw6u0YfxJQXm342bFKX/E4sG9rbTzO9ptUcR/e8A33cHuvStiYOwH7fszkZlZ1z/ta9AAoPk2F4qIOHA=="],

    "reusify": ["reusify@1.1.0", "", {}, "sha512-g6QUff04oZpHs0eG5p83rFLhHeV00ug/Yf9nZM6fLeUrPguBTkTQOdpAWWspMh55TZfVQDPaN3NQJfbVRAxdIw=="],

    "rfdc": ["rfdc@1.4.1", "", {}, "sha512-q1b3N5QkRUWUl7iyylaaj3kOpIT0N2i9MqIEQXP73GVsN9cw3fdx8X63cEmWhJGi2PPCF23Ijp7ktmd39rawIA=="],

    "run-parallel": ["run-parallel@1.2.0", "", { "dependencies": { "queue-microtask": "^1.2.2" } }, "sha512-5l4VyZR86LZ/lDxZTR6jqL8AFE2S0IFLMP26AbjsLVADxHdhB/c0GUsH+y39UfCi3dzz8OlQuPmnaJOMoDHQBA=="],

    "signal-exit": ["signal-exit@4.1.0", "", {}, "sha512-bzyZ1e88w9O1iNJbKnOlvYTrWPDl46O1bG0D3XInv+9tkPrxrN8jUUTiFlDkkmKWgn1M6CfIA13SuGqOa9Korw=="],

    "slice-ansi": ["slice-ansi@7.1.2", "", { "dependencies": { "ansi-styles": "^6.2.1", "is-fullwidth-code-point": "^5.0.0" } }, "sha512-iOBWFgUX7caIZiuutICxVgX1SdxwAVFFKwt1EvMYYec/NWO5meOJ6K5uQxhrYBdQJne4KxiqZc+KptFOWFSI9w=="],

    "smol-toml": ["smol-toml@1.5.2", "", {}, "sha512-QlaZEqcAH3/RtNyet1IPIYPsEWAaYyXXv1Krsi+1L/QHppjX4Ifm8MQsBISz9vE8cHicIq3clogsheili5vhaQ=="],

    "string-argv": ["string-argv@0.3.2", "", {}, "sha512-aqD2Q0144Z+/RqG52NeHEkZauTAUWJO8c6yTftGJKO3Tja5tUgIfmIl6kExvhtxSDP7fXB6DvzkfMpCd/F3G+Q=="],

    "string-width": ["string-width@8.1.0", "", { "dependencies": { "get-east-asian-width": "^1.3.0", "strip-ansi": "^7.1.0" } }, "sha512-Kxl3KJGb/gxkaUMOjRsQ8IrXiGW75O4E3RPjFIINOVH8AMl2SQ/yWdTzWwF3FevIX9LcMAjJW+GRwAlAbTSXdg=="],

    "strip-ansi": ["strip-ansi@7.1.2", "", { "dependencies": { "ansi-regex": "^6.0.1" } }, "sha512-gmBGslpoQJtgnMAvOVqGZpEz9dyoKTCzy2nfz/n8aIFhN/jCE/rCmcxabB6jOOHV+0WNnylOxaxBQPSvcWklhA=="],

    "strip-json-comments": ["strip-json-comments@5.0.3", "", {}, "sha512-1tB5mhVo7U+ETBKNf92xT4hrQa3pm0MZ0PQvuDnWgAAGHDsfp4lPSpiS6psrSiet87wyGPh9ft6wmhOMQ0hDiw=="],

    "to-regex-range": ["to-regex-range@5.0.1", "", { "dependencies": { "is-number": "^7.0.0" } }, "sha512-65P7iz6X5yEr1cwcgvQxbbIw7Uk3gOy5dIdtZ4rDveLqhrdJP+Li/Hx6tyK0NEb+2GCyneCMJiGqrADCSNk8sQ=="],

    "tslib": ["tslib@2.8.1", "", {}, "sha512-oJFu94HQb+KVduSUQL7wnpmqnfmLsOA/nAh6b6EH0wCEoK0/mPeXU6c3wKDV83MkOuHPRHtSXKKU99IBazS/2w=="],

    "typescript": ["typescript@5.9.3", "", { "bin": { "tsc": "bin/tsc", "tsserver": "bin/tsserver" } }, "sha512-jl1vZzPDinLr9eUt3J/t7V6FgNEw9QjvBPdysz9KfQDD41fQrC2Y4vKQdiaUpFT4bXlb1RHhLpp8wtm6M5TgSw=="],

    "undici-types": ["undici-types@7.16.0", "", {}, "sha512-Zz+aZWSj8LE6zoxD+xrjh4VfkIG8Ya6LvYkZqtUQGJPZjYl53ypCaUwWqo7eI0x66KBGeRo+mlBEkMSeSZ38Nw=="],

    "walk-up-path": ["walk-up-path@4.0.0", "", {}, "sha512-3hu+tD8YzSLGuFYtPRb48vdhKMi0KQV5sn+uWr8+7dMEq/2G/dtLrdDinkLjqq5TIbIBjYJ4Ax/n3YiaW7QM8A=="],

    "wrap-ansi": ["wrap-ansi@9.0.2", "", { "dependencies": { "ansi-styles": "^6.2.1", "string-width": "^7.0.0", "strip-ansi": "^7.1.0" } }, "sha512-42AtmgqjV+X1VpdOfyTGOYRi0/zsoLqtXQckTmqTeybT+BDIbM/Guxo7x3pE2vtpr1ok6xRqM9OpBe+Jyoqyww=="],

    "yaml": ["yaml@2.8.1", "", { "bin": { "yaml": "bin.mjs" } }, "sha512-lcYcMxX2PO9XMGvAJkJ3OsNMw+/7FKes7/hgerGUYWIoWu5j/+YQqcZr5JnPZWzOsEBgMbSbiSTn/dv/69Mkpw=="],

    "zod": ["zod@4.1.11", "", {}, "sha512-WPsqwxITS2tzx1bzhIKsEs19ABD5vmCVa4xBo2tq/SrV4RNZtfws1EnCWQXM6yh8bD08a1idvkB5MZSBiZsjwg=="],

    "micromatch/picomatch": ["picomatch@2.3.1", "", {}, "sha512-JU3teHTNjmE2VCGFzuY8EXzCDVwEqB2a8fsIvwaStHhAWJEeVd1o1QD80CU6+ZdEXXSLbSsuLwJjkCBWqRQUVA=="],

    "wrap-ansi/string-width": ["string-width@7.2.0", "", { "dependencies": { "emoji-regex": "^10.3.0", "get-east-asian-width": "^1.0.0", "strip-ansi": "^7.1.0" } }, "sha512-tsaTIkKW9b4N+AEj+SVA+WhJzV7/zMhcSu78mLKWSk7cXMOSHsBKFWUs0fWwq8QyK3MgJBQRX6Gbi4kYbdvGkQ=="],
  }
}
